// !$*UTF8*$!
{
	archiveVersion = 1;
	classes = {
	};
	objectVersion = 46;
	objects = {

/* Begin PBXBuildFile section */
		1288E90E19A9D2CF002F88B3 /* Foundation.framework in Frameworks */ = {isa = PBXBuildFile; fileRef = 1288E90D19A9D2CF002F88B3 /* Foundation.framework */; };
		1288E91319A9D2CF002F88B3 /* OCKit.h in CopyFiles */ = {isa = PBXBuildFile; fileRef = 1288E91219A9D2CF002F88B3 /* OCKit.h */; };
		1288E91519A9D2CF002F88B3 /* OCKit.m in Sources */ = {isa = PBXBuildFile; fileRef = 1288E91419A9D2CF002F88B3 /* OCKit.m */; };
		1288E91C19A9D2CF002F88B3 /* XCTest.framework in Frameworks */ = {isa = PBXBuildFile; fileRef = 1288E91B19A9D2CF002F88B3 /* XCTest.framework */; };
		1288E91D19A9D2CF002F88B3 /* Foundation.framework in Frameworks */ = {isa = PBXBuildFile; fileRef = 1288E90D19A9D2CF002F88B3 /* Foundation.framework */; };
		1288E91F19A9D2CF002F88B3 /* UIKit.framework in Frameworks */ = {isa = PBXBuildFile; fileRef = 1288E91E19A9D2CF002F88B3 /* UIKit.framework */; };
		1288E92219A9D2CF002F88B3 /* libOCKit.a in Frameworks */ = {isa = PBXBuildFile; fileRef = 1288E90A19A9D2CF002F88B3 /* libOCKit.a */; };
		1288E92819A9D2CF002F88B3 /* InfoPlist.strings in Resources */ = {isa = PBXBuildFile; fileRef = 1288E92619A9D2CF002F88B3 /* InfoPlist.strings */; };
		1288E92A19A9D2CF002F88B3 /* OCKitTests.m in Sources */ = {isa = PBXBuildFile; fileRef = 1288E92919A9D2CF002F88B3 /* OCKitTests.m */; };
/* End PBXBuildFile section */

/* Begin PBXContainerItemProxy section */
		1288E92019A9D2CF002F88B3 /* PBXContainerItemProxy */ = {
			isa = PBXContainerItemProxy;
			containerPortal = 1288E90219A9D2CF002F88B3 /* Project object */;
			proxyType = 1;
			remoteGlobalIDString = 1288E90919A9D2CF002F88B3;
			remoteInfo = OCKit;
		};
/* End PBXContainerItemProxy section */

/* Begin PBXCopyFilesBuildPhase section */
		1288E90819A9D2CF002F88B3 /* CopyFiles */ = {
			isa = PBXCopyFilesBuildPhase;
			buildActionMask = 2147483647;
			dstPath = "include/$(PRODUCT_NAME)";
			dstSubfolderSpec = 16;
			files = (
				1288E91319A9D2CF002F88B3 /* OCKit.h in CopyFiles */,
			);
			runOnlyForDeploymentPostprocessing = 0;
		};
/* End PBXCopyFilesBuildPhase section */

/* Begin PBXFileReference section */
		1288E90A19A9D2CF002F88B3 /* libOCKit.a */ = {isa = PBXFileReference; explicitFileType = archive.ar; includeInIndex = 0; path = libOCKit.a; sourceTree = BUILT_PRODUCTS_DIR; };
		1288E90D19A9D2CF002F88B3 /* Foundation.framework */ = {isa = PBXFileReference; lastKnownFileType = wrapper.framework; name = Foundation.framework; path = System/Library/Frameworks/Foundation.framework; sourceTree = SDKROOT; };
		1288E91119A9D2CF002F88B3 /* OCKit-Prefix.pch */ = {isa = PBXFileReference; lastKnownFileType = sourcecode.c.h; path = "OCKit-Prefix.pch"; sourceTree = "<group>"; };
		1288E91219A9D2CF002F88B3 /* OCKit.h */ = {isa = PBXFileReference; lastKnownFileType = sourcecode.c.h; path = OCKit.h; sourceTree = "<group>"; };
		1288E91419A9D2CF002F88B3 /* OCKit.m */ = {isa = PBXFileReference; lastKnownFileType = sourcecode.c.objc; path = OCKit.m; sourceTree = "<group>"; };
		1288E91A19A9D2CF002F88B3 /* OCKitTests.xctest */ = {isa = PBXFileReference; explicitFileType = wrapper.cfbundle; includeInIndex = 0; path = OCKitTests.xctest; sourceTree = BUILT_PRODUCTS_DIR; };
		1288E91B19A9D2CF002F88B3 /* XCTest.framework */ = {isa = PBXFileReference; lastKnownFileType = wrapper.framework; name = XCTest.framework; path = Library/Frameworks/XCTest.framework; sourceTree = DEVELOPER_DIR; };
		1288E91E19A9D2CF002F88B3 /* UIKit.framework */ = {isa = PBXFileReference; lastKnownFileType = wrapper.framework; name = UIKit.framework; path = Library/Frameworks/UIKit.framework; sourceTree = DEVELOPER_DIR; };
		1288E92519A9D2CF002F88B3 /* OCKitTests-Info.plist */ = {isa = PBXFileReference; lastKnownFileType = text.plist.xml; path = "OCKitTests-Info.plist"; sourceTree = "<group>"; };
		1288E92719A9D2CF002F88B3 /* en */ = {isa = PBXFileReference; lastKnownFileType = text.plist.strings; name = en; path = en.lproj/InfoPlist.strings; sourceTree = "<group>"; };
		1288E92919A9D2CF002F88B3 /* OCKitTests.m */ = {isa = PBXFileReference; lastKnownFileType = sourcecode.c.objc; path = OCKitTests.m; sourceTree = "<group>"; };
/* End PBXFileReference section */

/* Begin PBXFrameworksBuildPhase section */
		1288E90719A9D2CF002F88B3 /* Frameworks */ = {
			isa = PBXFrameworksBuildPhase;
			buildActionMask = 2147483647;
			files = (
				1288E90E19A9D2CF002F88B3 /* Foundation.framework in Frameworks */,
			);
			runOnlyForDeploymentPostprocessing = 0;
		};
		1288E91719A9D2CF002F88B3 /* Frameworks */ = {
			isa = PBXFrameworksBuildPhase;
			buildActionMask = 2147483647;
			files = (
				1288E91C19A9D2CF002F88B3 /* XCTest.framework in Frameworks */,
				1288E91F19A9D2CF002F88B3 /* UIKit.framework in Frameworks */,
				1288E92219A9D2CF002F88B3 /* libOCKit.a in Frameworks */,
				1288E91D19A9D2CF002F88B3 /* Foundation.framework in Frameworks */,
			);
			runOnlyForDeploymentPostprocessing = 0;
		};
/* End PBXFrameworksBuildPhase section */

/* Begin PBXGroup section */
		1288E90119A9D2CF002F88B3 = {
			isa = PBXGroup;
			children = (
				1288E90F19A9D2CF002F88B3 /* OCKit */,
				1288E92319A9D2CF002F88B3 /* OCKitTests */,
				1288E90C19A9D2CF002F88B3 /* Frameworks */,
				1288E90B19A9D2CF002F88B3 /* Products */,
			);
			sourceTree = "<group>";
		};
		1288E90B19A9D2CF002F88B3 /* Products */ = {
			isa = PBXGroup;
			children = (
				1288E90A19A9D2CF002F88B3 /* libOCKit.a */,
				1288E91A19A9D2CF002F88B3 /* OCKitTests.xctest */,
			);
			name = Products;
			sourceTree = "<group>";
		};
		1288E90C19A9D2CF002F88B3 /* Frameworks */ = {
			isa = PBXGroup;
			children = (
				1288E90D19A9D2CF002F88B3 /* Foundation.framework */,
				1288E91B19A9D2CF002F88B3 /* XCTest.framework */,
				1288E91E19A9D2CF002F88B3 /* UIKit.framework */,
			);
			name = Frameworks;
			sourceTree = "<group>";
		};
		1288E90F19A9D2CF002F88B3 /* OCKit */ = {
			isa = PBXGroup;
			children = (
				1288E91219A9D2CF002F88B3 /* OCKit.h */,
				1288E91419A9D2CF002F88B3 /* OCKit.m */,
				1288E91019A9D2CF002F88B3 /* Supporting Files */,
			);
			path = OCKit;
			sourceTree = "<group>";
		};
		1288E91019A9D2CF002F88B3 /* Supporting Files */ = {
			isa = PBXGroup;
			children = (
				1288E91119A9D2CF002F88B3 /* OCKit-Prefix.pch */,
			);
			name = "Supporting Files";
			sourceTree = "<group>";
		};
		1288E92319A9D2CF002F88B3 /* OCKitTests */ = {
			isa = PBXGroup;
			children = (
				1288E92919A9D2CF002F88B3 /* OCKitTests.m */,
				1288E92419A9D2CF002F88B3 /* Supporting Files */,
			);
			path = OCKitTests;
			sourceTree = "<group>";
		};
		1288E92419A9D2CF002F88B3 /* Supporting Files */ = {
			isa = PBXGroup;
			children = (
				1288E92519A9D2CF002F88B3 /* OCKitTests-Info.plist */,
				1288E92619A9D2CF002F88B3 /* InfoPlist.strings */,
			);
			name = "Supporting Files";
			sourceTree = "<group>";
		};
/* End PBXGroup section */

/* Begin PBXNativeTarget section */
		1288E90919A9D2CF002F88B3 /* OCKit */ = {
			isa = PBXNativeTarget;
			buildConfigurationList = 1288E92D19A9D2CF002F88B3 /* Build configuration list for PBXNativeTarget "OCKit" */;
			buildPhases = (
				1288E90619A9D2CF002F88B3 /* Sources */,
				1288E90719A9D2CF002F88B3 /* Frameworks */,
				1288E90819A9D2CF002F88B3 /* CopyFiles */,
			);
			buildRules = (
			);
			dependencies = (
			);
			name = OCKit;
			productName = OCKit;
			productReference = 1288E90A19A9D2CF002F88B3 /* libOCKit.a */;
			productType = "com.apple.product-type.library.static";
		};
		1288E91919A9D2CF002F88B3 /* OCKitTests */ = {
			isa = PBXNativeTarget;
			buildConfigurationList = 1288E93019A9D2CF002F88B3 /* Build configuration list for PBXNativeTarget "OCKitTests" */;
			buildPhases = (
				1288E91619A9D2CF002F88B3 /* Sources */,
				1288E91719A9D2CF002F88B3 /* Frameworks */,
				1288E91819A9D2CF002F88B3 /* Resources */,
			);
			buildRules = (
			);
			dependencies = (
				1288E92119A9D2CF002F88B3 /* PBXTargetDependency */,
			);
			name = OCKitTests;
			productName = OCKitTests;
			productReference = 1288E91A19A9D2CF002F88B3 /* OCKitTests.xctest */;
			productType = "com.apple.product-type.bundle.unit-test";
		};
/* End PBXNativeTarget section */

/* Begin PBXProject section */
		1288E90219A9D2CF002F88B3 /* Project object */ = {
			isa = PBXProject;
			attributes = {
				LastUpgradeCheck = 0510;
				ORGANIZATIONNAME = Beacon;
			};
			buildConfigurationList = 1288E90519A9D2CF002F88B3 /* Build configuration list for PBXProject "OCKit" */;
			compatibilityVersion = "Xcode 3.2";
			developmentRegion = English;
			hasScannedForEncodings = 0;
			knownRegions = (
				en,
			);
			mainGroup = 1288E90119A9D2CF002F88B3;
			productRefGroup = 1288E90B19A9D2CF002F88B3 /* Products */;
			projectDirPath = "";
			projectRoot = "";
			targets = (
				1288E90919A9D2CF002F88B3 /* OCKit */,
				1288E91919A9D2CF002F88B3 /* OCKitTests */,
			);
		};
/* End PBXProject section */

/* Begin PBXResourcesBuildPhase section */
		1288E91819A9D2CF002F88B3 /* Resources */ = {
			isa = PBXResourcesBuildPhase;
			buildActionMask = 2147483647;
			files = (
				1288E92819A9D2CF002F88B3 /* InfoPlist.strings in Resources */,
			);
			runOnlyForDeploymentPostprocessing = 0;
		};
/* End PBXResourcesBuildPhase section */

/* Begin PBXSourcesBuildPhase section */
		1288E90619A9D2CF002F88B3 /* Sources */ = {
			isa = PBXSourcesBuildPhase;
			buildActionMask = 2147483647;
			files = (
				1288E91519A9D2CF002F88B3 /* OCKit.m in Sources */,
			);
			runOnlyForDeploymentPostprocessing = 0;
		};
		1288E91619A9D2CF002F88B3 /* Sources */ = {
			isa = PBXSourcesBuildPhase;
			buildActionMask = 2147483647;
			files = (
				1288E92A19A9D2CF002F88B3 /* OCKitTests.m in Sources */,
			);
			runOnlyForDeploymentPostprocessing = 0;
		};
/* End PBXSourcesBuildPhase section */

/* Begin PBXTargetDependency section */
		1288E92119A9D2CF002F88B3 /* PBXTargetDependency */ = {
			isa = PBXTargetDependency;
			target = 1288E90919A9D2CF002F88B3 /* OCKit */;
			targetProxy = 1288E92019A9D2CF002F88B3 /* PBXContainerItemProxy */;
		};
/* End PBXTargetDependency section */

/* Begin PBXVariantGroup section */
		1288E92619A9D2CF002F88B3 /* InfoPlist.strings */ = {
			isa = PBXVariantGroup;
			children = (
				1288E92719A9D2CF002F88B3 /* en */,
			);
			name = InfoPlist.strings;
			sourceTree = "<group>";
		};
/* End PBXVariantGroup section */

/* Begin XCBuildConfiguration section */
		1288E92B19A9D2CF002F88B3 /* Debug */ = {
			isa = XCBuildConfiguration;
			buildSettings = {
				ALWAYS_SEARCH_USER_PATHS = NO;
				CLANG_CXX_LANGUAGE_STANDARD = "gnu++0x";
				CLANG_CXX_LIBRARY = "libc++";
				CLANG_ENABLE_MODULES = YES;
				CLANG_ENABLE_OBJC_ARC = YES;
				CLANG_WARN_BOOL_CONVERSION = YES;
				CLANG_WARN_CONSTANT_CONVERSION = YES;
				CLANG_WARN_DIRECT_OBJC_ISA_USAGE = YES_ERROR;
				CLANG_WARN_EMPTY_BODY = YES;
				CLANG_WARN_ENUM_CONVERSION = YES;
				CLANG_WARN_INT_CONVERSION = YES;
				CLANG_WARN_OBJC_ROOT_CLASS = YES_ERROR;
				CLANG_WARN__DUPLICATE_METHOD_MATCH = YES;
				COPY_PHASE_STRIP = NO;
				GCC_C_LANGUAGE_STANDARD = gnu99;
				GCC_DYNAMIC_NO_PIC = NO;
				GCC_OPTIMIZATION_LEVEL = 0;
				GCC_PREPROCESSOR_DEFINITIONS = (
					"DEBUG=1",
					"$(inherited)",
				);
				GCC_SYMBOLS_PRIVATE_EXTERN = NO;
				GCC_WARN_64_TO_32_BIT_CONVERSION = YES;
				GCC_WARN_ABOUT_RETURN_TYPE = YES_ERROR;
				GCC_WARN_UNDECLARED_SELECTOR = YES;
				GCC_WARN_UNINITIALIZED_AUTOS = YES_AGGRESSIVE;
				GCC_WARN_UNUSED_FUNCTION = YES;
				GCC_WARN_UNUSED_VARIABLE = YES;
				IPHONEOS_DEPLOYMENT_TARGET = 7.1;
				ONLY_ACTIVE_ARCH = YES;
				SDKROOT = iphoneos;
			};
			name = Debug;
		};
		1288E92C19A9D2CF002F88B3 /* Release */ = {
			isa = XCBuildConfiguration;
			buildSettings = {
				ALWAYS_SEARCH_USER_PATHS = NO;
				CLANG_CXX_LANGUAGE_STANDARD = "gnu++0x";
				CLANG_CXX_LIBRARY = "libc++";
				CLANG_ENABLE_MODULES = YES;
				CLANG_ENABLE_OBJC_ARC = YES;
				CLANG_WARN_BOOL_CONVERSION = YES;
				CLANG_WARN_CONSTANT_CONVERSION = YES;
				CLANG_WARN_DIRECT_OBJC_ISA_USAGE = YES_ERROR;
				CLANG_WARN_EMPTY_BODY = YES;
				CLANG_WARN_ENUM_CONVERSION = YES;
				CLANG_WARN_INT_CONVERSION = YES;
				CLANG_WARN_OBJC_ROOT_CLASS = YES_ERROR;
				CLANG_WARN__DUPLICATE_METHOD_MATCH = YES;
				COPY_PHASE_STRIP = YES;
				ENABLE_NS_ASSERTIONS = NO;
				GCC_C_LANGUAGE_STANDARD = gnu99;
				GCC_WARN_64_TO_32_BIT_CONVERSION = YES;
				GCC_WARN_ABOUT_RETURN_TYPE = YES_ERROR;
				GCC_WARN_UNDECLARED_SELECTOR = YES;
				GCC_WARN_UNINITIALIZED_AUTOS = YES_AGGRESSIVE;
				GCC_WARN_UNUSED_FUNCTION = YES;
				GCC_WARN_UNUSED_VARIABLE = YES;
				IPHONEOS_DEPLOYMENT_TARGET = 7.1;
				SDKROOT = iphoneos;
				VALIDATE_PRODUCT = YES;
			};
			name = Release;
		};
		1288E92E19A9D2CF002F88B3 /* Debug */ = {
			isa = XCBuildConfiguration;
			buildSettings = {
				DSTROOT = /tmp/OCKit.dst;
				GCC_PRECOMPILE_PREFIX_HEADER = YES;
				GCC_PREFIX_HEADER = "OCKit/OCKit-Prefix.pch";
				OTHER_LDFLAGS = "-ObjC";
				PRODUCT_NAME = "$(TARGET_NAME)";
				SKIP_INSTALL = YES;
			};
			name = Debug;
		};
		1288E92F19A9D2CF002F88B3 /* Release */ = {
			isa = XCBuildConfiguration;
			buildSettings = {
				DSTROOT = /tmp/OCKit.dst;
				GCC_PRECOMPILE_PREFIX_HEADER = YES;
				GCC_PREFIX_HEADER = "OCKit/OCKit-Prefix.pch";
				OTHER_LDFLAGS = "-ObjC";
				PRODUCT_NAME = "$(TARGET_NAME)";
				SKIP_INSTALL = YES;
			};
			name = Release;
		};
		1288E93119A9D2CF002F88B3 /* Debug */ = {
			isa = XCBuildConfiguration;
			buildSettings = {
				FRAMEWORK_SEARCH_PATHS = (
					"$(SDKROOT)/Developer/Library/Frameworks",
					"$(inherited)",
					"$(DEVELOPER_FRAMEWORKS_DIR)",
				);
				GCC_PRECOMPILE_PREFIX_HEADER = YES;
				GCC_PREFIX_HEADER = "OCKit/OCKit-Prefix.pch";
				GCC_PREPROCESSOR_DEFINITIONS = (
					"DEBUG=1",
					"$(inherited)",
				);
				INFOPLIST_FILE = "OCKitTests/OCKitTests-Info.plist";
				PRODUCT_NAME = "$(TARGET_NAME)";
				WRAPPER_EXTENSION = xctest;
			};
			name = Debug;
		};
		1288E93219A9D2CF002F88B3 /* Release */ = {
			isa = XCBuildConfiguration;
			buildSettings = {
				FRAMEWORK_SEARCH_PATHS = (
					"$(SDKROOT)/Developer/Library/Frameworks",
					"$(inherited)",
					"$(DEVELOPER_FRAMEWORKS_DIR)",
				);
				GCC_PRECOMPILE_PREFIX_HEADER = YES;
				GCC_PREFIX_HEADER = "OCKit/OCKit-Prefix.pch";
				INFOPLIST_FILE = "OCKitTests/OCKitTests-Info.plist";
				PRODUCT_NAME = "$(TARGET_NAME)";
				WRAPPER_EXTENSION = xctest;
			};
			name = Release;
		};
/* End XCBuildConfiguration section */

/* Begin XCConfigurationList section */
		1288E90519A9D2CF002F88B3 /* Build configuration list for PBXProject "OCKit" */ = {
			isa = XCConfigurationList;
			buildConfigurations = (
				1288E92B19A9D2CF002F88B3 /* Debug */,
				1288E92C19A9D2CF002F88B3 /* Release */,
			);
			defaultConfigurationIsVisible = 0;
			defaultConfigurationName = Release;
		};
		1288E92D19A9D2CF002F88B3 /* Build configuration list for PBXNativeTarget "OCKit" */ = {
			isa = XCConfigurationList;
			buildConfigurations = (
				1288E92E19A9D2CF002F88B3 /* Debug */,
				1288E92F19A9D2CF002F88B3 /* Release */,
			);
			defaultConfigurationIsVisible = 0;
		};
		1288E93019A9D2CF002F88B3 /* Build configuration list for PBXNativeTarget "OCKitTests" */ = {
			isa = XCConfigurationList;
			buildConfigurations = (
				1288E93119A9D2CF002F88B3 /* Debug */,
				1288E93219A9D2CF002F88B3 /* Release */,
			);
			defaultConfigurationIsVisible = 0;
		};
/* End XCConfigurationList section */
	};
	rootObject = 1288E90219A9D2CF002F88B3 /* Project object */;
}
